
Microsoft Visual Studio Solution File, Format Version 12.00
# Visual Studio Version 16
VisualStudioVersion = 16.0.29403.142
MinimumVisualStudioVersion = 10.0.40219.1
Project("{FAE04EC0-301F-11D3-BF4B-00C04F79EFBC}") = "Processor", "Processor.csproj", "{F127AE84-7B7F-4860-9130-BE1E667933ED}"
EndProject
Global
	GlobalSection(SolutionConfigurationPlatforms) = preSolution
		Debug|Any CPU = Debug|Any CPU
		Release|Any CPU = Release|Any CPU
	EndGlobalSection
	GlobalSection(ProjectConfigurationPlatforms) = postSolution
		{F127AE84-7B7F-4860-9130-BE1E667933ED}.Debug|Any CPU.ActiveCfg = Debug|Any CPU
		{F127AE84-7B7F-4860-9130-BE1E667933ED}.Debug|Any CPU.Build.0 = Debug|Any CPU
		{F127AE84-7B7F-4860-9130-BE1E667933ED}.Release|Any CPU.ActiveCfg = Release|Any CPU
		{F127AE84-7B7F-4860-9130-BE1E667933ED}.Release|Any CPU.Build.0 = Release|Any CPU
	EndGlobalSection
	GlobalSection(SolutionProperties) = preSolution
		HideSolutionNode = FALSE
	EndGlobalSection
	GlobalSection(ExtensibilityGlobals) = postSolution
		SolutionGuid = {CC8B39EC-5EB1-45DE-BA56-9C2ED02346AC}
	EndGlobalSection
EndGlobal
